
Microsoft Visual Studio Solution File, Format Version 12.00
# Visual Studio 15
VisualStudioVersion = 15.0.26124.0
MinimumVisualStudioVersion = 15.0.26124.0
Project("{FAE04EC0-301F-11D3-BF4B-00C04F79EFBC}") = "API", "API\API.csproj", "{44AF7185-F328-42C4-BDA6-BA9C6797B1B9}"
EndProject
Project("{FAE04EC0-301F-11D3-BF4B-00C04F79EFBC}") = "Core", "Core\Core.csproj", "{2C43C8B1-090B-40A7-BB1D-BF8ECE849BBF}"
EndProject
Project("{FAE04EC0-301F-11D3-BF4B-00C04F79EFBC}") = "Infrastructure", "Infrastructure\Infrastructure.csproj", "{86477774-5B07-495C-96AF-0E34D852F1C2}"
EndProject
Global
	GlobalSection(SolutionConfigurationPlatforms) = preSolution
		Debug|Any CPU = Debug|Any CPU
		Debug|x64 = Debug|x64
		Debug|x86 = Debug|x86
		Release|Any CPU = Release|Any CPU
		Release|x64 = Release|x64
		Release|x86 = Release|x86
	EndGlobalSection
	GlobalSection(SolutionProperties) = preSolution
		HideSolutionNode = FALSE
	EndGlobalSection
	GlobalSection(ProjectConfigurationPlatforms) = postSolution
		{44AF7185-F328-42C4-BDA6-BA9C6797B1B9}.Debug|Any CPU.ActiveCfg = Debug|Any CPU
		{44AF7185-F328-42C4-BDA6-BA9C6797B1B9}.Debug|Any CPU.Build.0 = Debug|Any CPU
		{44AF7185-F328-42C4-BDA6-BA9C6797B1B9}.Debug|x64.ActiveCfg = Debug|Any CPU
		{44AF7185-F328-42C4-BDA6-BA9C6797B1B9}.Debug|x64.Build.0 = Debug|Any CPU
		{44AF7185-F328-42C4-BDA6-BA9C6797B1B9}.Debug|x86.ActiveCfg = Debug|Any CPU
		{44AF7185-F328-42C4-BDA6-BA9C6797B1B9}.Debug|x86.Build.0 = Debug|Any CPU
		{44AF7185-F328-42C4-BDA6-BA9C6797B1B9}.Release|Any CPU.ActiveCfg = Release|Any CPU
		{44AF7185-F328-42C4-BDA6-BA9C6797B1B9}.Release|Any CPU.Build.0 = Release|Any CPU
		{44AF7185-F328-42C4-BDA6-BA9C6797B1B9}.Release|x64.ActiveCfg = Release|Any CPU
		{44AF7185-F328-42C4-BDA6-BA9C6797B1B9}.Release|x64.Build.0 = Release|Any CPU
		{44AF7185-F328-42C4-BDA6-BA9C6797B1B9}.Release|x86.ActiveCfg = Release|Any CPU
		{44AF7185-F328-42C4-BDA6-BA9C6797B1B9}.Release|x86.Build.0 = Release|Any CPU
		{2C43C8B1-090B-40A7-BB1D-BF8ECE849BBF}.Debug|Any CPU.ActiveCfg = Debug|Any CPU
		{2C43C8B1-090B-40A7-BB1D-BF8ECE849BBF}.Debug|Any CPU.Build.0 = Debug|Any CPU
		{2C43C8B1-090B-40A7-BB1D-BF8ECE849BBF}.Debug|x64.ActiveCfg = Debug|Any CPU
		{2C43C8B1-090B-40A7-BB1D-BF8ECE849BBF}.Debug|x64.Build.0 = Debug|Any CPU
		{2C43C8B1-090B-40A7-BB1D-BF8ECE849BBF}.Debug|x86.ActiveCfg = Debug|Any CPU
		{2C43C8B1-090B-40A7-BB1D-BF8ECE849BBF}.Debug|x86.Build.0 = Debug|Any CPU
		{2C43C8B1-090B-40A7-BB1D-BF8ECE849BBF}.Release|Any CPU.ActiveCfg = Release|Any CPU
		{2C43C8B1-090B-40A7-BB1D-BF8ECE849BBF}.Release|Any CPU.Build.0 = Release|Any CPU
		{2C43C8B1-090B-40A7-BB1D-BF8ECE849BBF}.Release|x64.ActiveCfg = Release|Any CPU
		{2C43C8B1-090B-40A7-BB1D-BF8ECE849BBF}.Release|x64.Build.0 = Release|Any CPU
		{2C43C8B1-090B-40A7-BB1D-BF8ECE849BBF}.Release|x86.ActiveCfg = Release|Any CPU
		{2C43C8B1-090B-40A7-BB1D-BF8ECE849BBF}.Release|x86.Build.0 = Release|Any CPU
		{86477774-5B07-495C-96AF-0E34D852F1C2}.Debug|Any CPU.ActiveCfg = Debug|Any CPU
		{86477774-5B07-495C-96AF-0E34D852F1C2}.Debug|Any CPU.Build.0 = Debug|Any CPU
		{86477774-5B07-495C-96AF-0E34D852F1C2}.Debug|x64.ActiveCfg = Debug|Any CPU
		{86477774-5B07-495C-96AF-0E34D852F1C2}.Debug|x64.Build.0 = Debug|Any CPU
		{86477774-5B07-495C-96AF-0E34D852F1C2}.Debug|x86.ActiveCfg = Debug|Any CPU
		{86477774-5B07-495C-96AF-0E34D852F1C2}.Debug|x86.Build.0 = Debug|Any CPU
		{86477774-5B07-495C-96AF-0E34D852F1C2}.Release|Any CPU.ActiveCfg = Release|Any CPU
		{86477774-5B07-495C-96AF-0E34D852F1C2}.Release|Any CPU.Build.0 = Release|Any CPU
		{86477774-5B07-495C-96AF-0E34D852F1C2}.Release|x64.ActiveCfg = Release|Any CPU
		{86477774-5B07-495C-96AF-0E34D852F1C2}.Release|x64.Build.0 = Release|Any CPU
		{86477774-5B07-495C-96AF-0E34D852F1C2}.Release|x86.ActiveCfg = Release|Any CPU
		{86477774-5B07-495C-96AF-0E34D852F1C2}.Release|x86.Build.0 = Release|Any CPU
	EndGlobalSection
EndGlobal
